{
	"name": "cat-customs",
	"version": "0.0.1",
	"lockfileVersion": 2,
	"requires": true,
	"packages": {
		"": {
			"name": "cat-customs",
			"version": "0.0.1",
			"license": "MIT",
			"devDependencies": {
				"@types/node": "^16.11.7",
				"@types/vscode": "^1.73.0",
				"typescript": "^5.0.2"
			},
			"engines": {
				"vscode": "^1.74.0"
			}
		},
		"node_modules/@types/node": {
			"version": "16.11.36",
			"resolved": "https://registry.npmjs.org/@types/node/-/node-16.11.36.tgz",
			"integrity": "sha512-FR5QJe+TaoZ2GsMHkjuwoNabr+UrJNRr2HNOo+r/7vhcuntM6Ee/pRPOnRhhL2XE9OOvX9VLEq+BcXl3VjNoWA==",
			"dev": true
		},
		"node_modules/@types/vscode": {
			"version": "1.73.1",
			"resolved": "https://registry.npmjs.org/@types/vscode/-/vscode-1.73.1.tgz",
			"integrity": "sha512-eArfOrAoZVV+Ao9zQOCaFNaeXj4kTCD+bGS2gyNgIFZH9xVMuLMlRrEkhb22NyxycFWKV1UyTh03vhaVHmqVMg==",
			"dev": true
		},
		"node_modules/typescript": {
			"version": "5.0.2",
			"resolved": "https://registry.npmjs.org/typescript/-/typescript-5.0.2.tgz",
			"integrity": "sha512-wVORMBGO/FAs/++blGNeAVdbNKtIh1rbBL2EyQ1+J9lClJ93KiiKe8PmFIVdXhHcyv44SL9oglmfeSsndo0jRw==",
			"dev": true,
			"bin": {
				"tsc": "bin/tsc",
				"tsserver": "bin/tsserver"
			},
			"engines": {
				"node": ">=12.20"
			}
		}
	},
	"dependencies": {
		"@types/node": {
			"version": "16.11.36",
			"resolved": "https://registry.npmjs.org/@types/node/-/node-16.11.36.tgz",
			"integrity": "sha512-FR5QJe+TaoZ2GsMHkjuwoNabr+UrJNRr2HNOo+r/7vhcuntM6Ee/pRPOnRhhL2XE9OOvX9VLEq+BcXl3VjNoWA==",
			"dev": true
		},
		"@types/vscode": {
			"version": "1.73.1",
			"resolved": "https://registry.npmjs.org/@types/vscode/-/vscode-1.73.1.tgz",
			"integrity": "sha512-eArfOrAoZVV+Ao9zQOCaFNaeXj4kTCD+bGS2gyNgIFZH9xVMuLMlRrEkhb22NyxycFWKV1UyTh03vhaVHmqVMg==",
			"dev": true
		},
		"typescript": {
			"version": "5.0.2",
			"resolved": "https://registry.npmjs.org/typescript/-/typescript-5.0.2.tgz",
			"integrity": "sha512-wVORMBGO/FAs/++blGNeAVdbNKtIh1rbBL2EyQ1+J9lClJ93KiiKe8PmFIVdXhHcyv44SL9oglmfeSsndo0jRw==",
			"dev": true
		}
	}
}
